{
  "name": "project4_network",
  "version": "1.0.0",
  "lockfileVersion": 1,
  "requires": true,
  "dependencies": {
    "bootstrap": {
      "version": "5.1.1",
      "resolved": "https://registry.npmjs.org/bootstrap/-/bootstrap-5.1.1.tgz",
      "integrity": "sha512-/jUa4sSuDZWlDLQ1gwQQR8uoYSvLJzDd8m5o6bPKh3asLAMYVZKdRCjb1joUd5WXf0WwCNzd2EjwQQhupou0dA=="
    },
    "js-cookie": {
      "version": "3.0.1",
      "resolved": "https://registry.npmjs.org/js-cookie/-/js-cookie-3.0.1.tgz",
      "integrity": "sha512-+0rgsUXZu4ncpPxRL+lNEptWMOWl9etvPHc/koSRp6MPwpRYAhmk0dUG00J4bxVV3r9uUzfo24wW0knS07SKSw=="
    }
  }
}
